
Microsoft Visual Studio Solution File, Format Version 12.00
# Visual Studio Version 17
VisualStudioVersion = 17.3.32929.385
MinimumVisualStudioVersion = 10.0.40219.1
Project("{888888A0-9F3D-457C-B088-3A5042F75D52}") = "Highlander Discord Bot", "Highlander Discord Bot.pyproj", "{8DF2FEFA-A676-45AD-8A70-6F5A9B2A0628}"
EndProject
Project("{888888A0-9F3D-457C-B088-3A5042F75D52}") = "Shelf Database Tester", "..\Shelf Database Tester\Shelf Database Tester.pyproj", "{67211457-E8C8-479F-A0F6-B92668296C5E}"
EndProject
Project("{888888A0-9F3D-457C-B088-3A5042F75D52}") = "Threaded Date Tester", "..\Threaded Date Tester\Threaded Date Tester.pyproj", "{C6B5A9BC-35C0-4810-8697-1DB0BB8EB3E8}"
EndProject
Global
	GlobalSection(SolutionConfigurationPlatforms) = preSolution
		Debug|Any CPU = Debug|Any CPU
		Release|Any CPU = Release|Any CPU
	EndGlobalSection
	GlobalSection(ProjectConfigurationPlatforms) = postSolution
		{8DF2FEFA-A676-45AD-8A70-6F5A9B2A0628}.Debug|Any CPU.ActiveCfg = Debug|Any CPU
		{8DF2FEFA-A676-45AD-8A70-6F5A9B2A0628}.Debug|Any CPU.Build.0 = Debug|Any CPU
		{8DF2FEFA-A676-45AD-8A70-6F5A9B2A0628}.Release|Any CPU.ActiveCfg = Release|Any CPU
		{8DF2FEFA-A676-45AD-8A70-6F5A9B2A0628}.Release|Any CPU.Build.0 = Release|Any CPU
		{67211457-E8C8-479F-A0F6-B92668296C5E}.Debug|Any CPU.ActiveCfg = Debug|Any CPU
		{67211457-E8C8-479F-A0F6-B92668296C5E}.Release|Any CPU.ActiveCfg = Release|Any CPU
		{C6B5A9BC-35C0-4810-8697-1DB0BB8EB3E8}.Debug|Any CPU.ActiveCfg = Debug|Any CPU
		{C6B5A9BC-35C0-4810-8697-1DB0BB8EB3E8}.Release|Any CPU.ActiveCfg = Release|Any CPU
	EndGlobalSection
	GlobalSection(SolutionProperties) = preSolution
		HideSolutionNode = FALSE
	EndGlobalSection
	GlobalSection(ExtensibilityGlobals) = postSolution
		SolutionGuid = {AEE3F824-584F-4689-A832-F95CCD485CFD}
	EndGlobalSection
EndGlobal
